
Microsoft Visual Studio Solution File, Format Version 12.00
# Visual Studio Version 16
VisualStudioVersion = 16.0.31402.337
MinimumVisualStudioVersion = 10.0.40219.1
Project("{8BC9CEB8-8B4A-11D0-8D11-00A0C91BC942}") = "20220419", "20220419\20220419\20220419.vcxproj", "{C9A42C35-4209-403D-95ED-BDBB3C9E5FA4}"
EndProject
Project("{8BC9CEB8-8B4A-11D0-8D11-00A0C91BC942}") = "20220420", "20220420\20220420\20220420.vcxproj", "{10CF9021-7EF8-4CBD-A19A-127D8158A30D}"
EndProject
Project("{8BC9CEB8-8B4A-11D0-8D11-00A0C91BC942}") = "20220421", "20220421\Inha_\Inha_.vcxproj", "{99A38B47-CE9C-43CA-8280-F2B59AD0FB73}"
EndProject
Project("{8BC9CEB8-8B4A-11D0-8D11-00A0C91BC942}") = "20220426", "20220426\20220426\20220426.vcxproj", "{1BED2F7D-7AA7-447E-B062-C6AFFF654802}"
EndProject
Project("{8BC9CEB8-8B4A-11D0-8D11-00A0C91BC942}") = "20220427", "20220427\20220427.vcxproj", "{F5B689B2-4526-4247-A8EF-2A8569C65C55}"
EndProject
Project("{8BC9CEB8-8B4A-11D0-8D11-00A0C91BC942}") = "20220428", "20220428\20220428.vcxproj", "{383C154C-C34D-422C-8BEA-16393DF39A7B}"
EndProject
Project("{8BC9CEB8-8B4A-11D0-8D11-00A0C91BC942}") = "20220429", "20220429\20220429.vcxproj", "{ED5CC1E6-3FEF-49E5-8307-A6F597D09501}"
EndProject
Project("{8BC9CEB8-8B4A-11D0-8D11-00A0C91BC942}") = "20220503", "20220503\20220503.vcxproj", "{06D6A78D-73E1-4158-99E6-A789DCE7A34A}"
EndProject
Global
	GlobalSection(SolutionConfigurationPlatforms) = preSolution
		Debug|x64 = Debug|x64
		Debug|x86 = Debug|x86
		Release|x64 = Release|x64
		Release|x86 = Release|x86
	EndGlobalSection
	GlobalSection(ProjectConfigurationPlatforms) = postSolution
		{C9A42C35-4209-403D-95ED-BDBB3C9E5FA4}.Debug|x64.ActiveCfg = Debug|x64
		{C9A42C35-4209-403D-95ED-BDBB3C9E5FA4}.Debug|x64.Build.0 = Debug|x64
		{C9A42C35-4209-403D-95ED-BDBB3C9E5FA4}.Debug|x86.ActiveCfg = Debug|Win32
		{C9A42C35-4209-403D-95ED-BDBB3C9E5FA4}.Debug|x86.Build.0 = Debug|Win32
		{C9A42C35-4209-403D-95ED-BDBB3C9E5FA4}.Release|x64.ActiveCfg = Release|x64
		{C9A42C35-4209-403D-95ED-BDBB3C9E5FA4}.Release|x64.Build.0 = Release|x64
		{C9A42C35-4209-403D-95ED-BDBB3C9E5FA4}.Release|x86.ActiveCfg = Release|Win32
		{C9A42C35-4209-403D-95ED-BDBB3C9E5FA4}.Release|x86.Build.0 = Release|Win32
		{10CF9021-7EF8-4CBD-A19A-127D8158A30D}.Debug|x64.ActiveCfg = Debug|x64
		{10CF9021-7EF8-4CBD-A19A-127D8158A30D}.Debug|x64.Build.0 = Debug|x64
		{10CF9021-7EF8-4CBD-A19A-127D8158A30D}.Debug|x86.ActiveCfg = Debug|Win32
		{10CF9021-7EF8-4CBD-A19A-127D8158A30D}.Debug|x86.Build.0 = Debug|Win32
		{10CF9021-7EF8-4CBD-A19A-127D8158A30D}.Release|x64.ActiveCfg = Release|x64
		{10CF9021-7EF8-4CBD-A19A-127D8158A30D}.Release|x64.Build.0 = Release|x64
		{10CF9021-7EF8-4CBD-A19A-127D8158A30D}.Release|x86.ActiveCfg = Release|Win32
		{10CF9021-7EF8-4CBD-A19A-127D8158A30D}.Release|x86.Build.0 = Release|Win32
		{99A38B47-CE9C-43CA-8280-F2B59AD0FB73}.Debug|x64.ActiveCfg = Debug|x64
		{99A38B47-CE9C-43CA-8280-F2B59AD0FB73}.Debug|x64.Build.0 = Debug|x64
		{99A38B47-CE9C-43CA-8280-F2B59AD0FB73}.Debug|x86.ActiveCfg = Debug|Win32
		{99A38B47-CE9C-43CA-8280-F2B59AD0FB73}.Debug|x86.Build.0 = Debug|Win32
		{99A38B47-CE9C-43CA-8280-F2B59AD0FB73}.Release|x64.ActiveCfg = Release|x64
		{99A38B47-CE9C-43CA-8280-F2B59AD0FB73}.Release|x64.Build.0 = Release|x64
		{99A38B47-CE9C-43CA-8280-F2B59AD0FB73}.Release|x86.ActiveCfg = Release|Win32
		{99A38B47-CE9C-43CA-8280-F2B59AD0FB73}.Release|x86.Build.0 = Release|Win32
		{1BED2F7D-7AA7-447E-B062-C6AFFF654802}.Debug|x64.ActiveCfg = Debug|x64
		{1BED2F7D-7AA7-447E-B062-C6AFFF654802}.Debug|x64.Build.0 = Debug|x64
		{1BED2F7D-7AA7-447E-B062-C6AFFF654802}.Debug|x86.ActiveCfg = Debug|Win32
		{1BED2F7D-7AA7-447E-B062-C6AFFF654802}.Debug|x86.Build.0 = Debug|Win32
		{1BED2F7D-7AA7-447E-B062-C6AFFF654802}.Release|x64.ActiveCfg = Release|x64
		{1BED2F7D-7AA7-447E-B062-C6AFFF654802}.Release|x64.Build.0 = Release|x64
		{1BED2F7D-7AA7-447E-B062-C6AFFF654802}.Release|x86.ActiveCfg = Release|Win32
		{1BED2F7D-7AA7-447E-B062-C6AFFF654802}.Release|x86.Build.0 = Release|Win32
		{F5B689B2-4526-4247-A8EF-2A8569C65C55}.Debug|x64.ActiveCfg = Debug|x64
		{F5B689B2-4526-4247-A8EF-2A8569C65C55}.Debug|x64.Build.0 = Debug|x64
		{F5B689B2-4526-4247-A8EF-2A8569C65C55}.Debug|x86.ActiveCfg = Debug|Win32
		{F5B689B2-4526-4247-A8EF-2A8569C65C55}.Debug|x86.Build.0 = Debug|Win32
		{F5B689B2-4526-4247-A8EF-2A8569C65C55}.Release|x64.ActiveCfg = Release|x64
		{F5B689B2-4526-4247-A8EF-2A8569C65C55}.Release|x64.Build.0 = Release|x64
		{F5B689B2-4526-4247-A8EF-2A8569C65C55}.Release|x86.ActiveCfg = Release|Win32
		{F5B689B2-4526-4247-A8EF-2A8569C65C55}.Release|x86.Build.0 = Release|Win32
		{383C154C-C34D-422C-8BEA-16393DF39A7B}.Debug|x64.ActiveCfg = Debug|x64
		{383C154C-C34D-422C-8BEA-16393DF39A7B}.Debug|x64.Build.0 = Debug|x64
		{383C154C-C34D-422C-8BEA-16393DF39A7B}.Debug|x86.ActiveCfg = Debug|Win32
		{383C154C-C34D-422C-8BEA-16393DF39A7B}.Debug|x86.Build.0 = Debug|Win32
		{383C154C-C34D-422C-8BEA-16393DF39A7B}.Release|x64.ActiveCfg = Release|x64
		{383C154C-C34D-422C-8BEA-16393DF39A7B}.Release|x64.Build.0 = Release|x64
		{383C154C-C34D-422C-8BEA-16393DF39A7B}.Release|x86.ActiveCfg = Release|Win32
		{383C154C-C34D-422C-8BEA-16393DF39A7B}.Release|x86.Build.0 = Release|Win32
		{ED5CC1E6-3FEF-49E5-8307-A6F597D09501}.Debug|x64.ActiveCfg = Debug|x64
		{ED5CC1E6-3FEF-49E5-8307-A6F597D09501}.Debug|x64.Build.0 = Debug|x64
		{ED5CC1E6-3FEF-49E5-8307-A6F597D09501}.Debug|x86.ActiveCfg = Debug|Win32
		{ED5CC1E6-3FEF-49E5-8307-A6F597D09501}.Debug|x86.Build.0 = Debug|Win32
		{ED5CC1E6-3FEF-49E5-8307-A6F597D09501}.Release|x64.ActiveCfg = Release|x64
		{ED5CC1E6-3FEF-49E5-8307-A6F597D09501}.Release|x64.Build.0 = Release|x64
		{ED5CC1E6-3FEF-49E5-8307-A6F597D09501}.Release|x86.ActiveCfg = Release|Win32
		{ED5CC1E6-3FEF-49E5-8307-A6F597D09501}.Release|x86.Build.0 = Release|Win32
		{06D6A78D-73E1-4158-99E6-A789DCE7A34A}.Debug|x64.ActiveCfg = Debug|x64
		{06D6A78D-73E1-4158-99E6-A789DCE7A34A}.Debug|x64.Build.0 = Debug|x64
		{06D6A78D-73E1-4158-99E6-A789DCE7A34A}.Debug|x86.ActiveCfg = Debug|Win32
		{06D6A78D-73E1-4158-99E6-A789DCE7A34A}.Debug|x86.Build.0 = Debug|Win32
		{06D6A78D-73E1-4158-99E6-A789DCE7A34A}.Release|x64.ActiveCfg = Release|x64
		{06D6A78D-73E1-4158-99E6-A789DCE7A34A}.Release|x64.Build.0 = Release|x64
		{06D6A78D-73E1-4158-99E6-A789DCE7A34A}.Release|x86.ActiveCfg = Release|Win32
		{06D6A78D-73E1-4158-99E6-A789DCE7A34A}.Release|x86.Build.0 = Release|Win32
	EndGlobalSection
	GlobalSection(SolutionProperties) = preSolution
		HideSolutionNode = FALSE
	EndGlobalSection
	GlobalSection(ExtensibilityGlobals) = postSolution
		SolutionGuid = {685B2422-C583-48E9-B949-D409044525A4}
	EndGlobalSection
EndGlobal
