<?xml version="1.0" encoding="utf-8"?>
<Project ToolsVersion="4.0" xmlns="http://schemas.microsoft.com/developer/msbuild/2003">
  <ItemGroup>
    <Filter Include="Codes">
      <UniqueIdentifier>{6c66e622-1b66-4373-946b-c8d7d43365cc}</UniqueIdentifier>
    </Filter>
  </ItemGroup>
  <ItemGroup>
    <ClCompile Include="20220617Main.cpp">
      <Filter>Codes</Filter>
    </ClCompile>
    <ClCompile Include="MainDivision0617.cpp">
      <Filter>Codes</Filter>
    </ClCompile>
    <ClCompile Include="StopWatch.cpp">
      <Filter>Codes</Filter>
    </ClCompile>
  </ItemGroup>
  <ItemGroup>
    <ClInclude Include="MainDivision0617.h">
      <Filter>Codes</Filter>
    </ClInclude>
    <ClInclude Include="StopWatch.h">
      <Filter>Codes</Filter>
    </ClInclude>
  </ItemGroup>
</Project>